
Microsoft Visual Studio Solution File, Format Version 12.00
# Visual Studio Version 17
VisualStudioVersion = 17.4.33110.190
MinimumVisualStudioVersion = 10.0.40219.1
Project("{2150E333-8FDC-42A3-9474-1A3956D46DE8}") = "WebAPI", "WebAPI", "{1D71E4E0-3375-4B69-BABB-09318BCF3561}"
EndProject
Project("{9A19103F-16F7-4668-BE54-9A1E7A4F7556}") = "ReadingApp.WebAPI", "WebAPI\ReadingApp.WebAPI\ReadingApp.WebAPI.csproj", "{9695CDE9-AC2D-4946-8F73-C01102E49981}"
EndProject
Project("{9A19103F-16F7-4668-BE54-9A1E7A4F7556}") = "ReadingApp.Infrastructure", "Infrastructure\ReadingApp.Infrastructure\ReadingApp.Infrastructure.csproj", "{037586D7-7E70-4679-9756-A247609D6C21}"
EndProject
Project("{9A19103F-16F7-4668-BE54-9A1E7A4F7556}") = "ReadingApp.AdditionalPropertyProcessor.PGNiGEstimations", "WebAPI\ReadingApp.AdditionalPropertyProcessor.PGNiGEstimations\ReadingApp.AdditionalPropertyProcessor.PGNiGEstimations.csproj", "{731164E7-118A-45A7-9E11-EF3A7F4B99E0}"
EndProject
Project("{2150E333-8FDC-42A3-9474-1A3956D46DE8}") = "Infrastructure", "Infrastructure", "{A71C1CE8-4CEB-42D4-BDBB-A8FA513C222A}"
EndProject
Global
	GlobalSection(SolutionConfigurationPlatforms) = preSolution
		Debug|Any CPU = Debug|Any CPU
		Release|Any CPU = Release|Any CPU
	EndGlobalSection
	GlobalSection(ProjectConfigurationPlatforms) = postSolution
		{9695CDE9-AC2D-4946-8F73-C01102E49981}.Debug|Any CPU.ActiveCfg = Debug|Any CPU
		{9695CDE9-AC2D-4946-8F73-C01102E49981}.Debug|Any CPU.Build.0 = Debug|Any CPU
		{9695CDE9-AC2D-4946-8F73-C01102E49981}.Release|Any CPU.ActiveCfg = Release|Any CPU
		{9695CDE9-AC2D-4946-8F73-C01102E49981}.Release|Any CPU.Build.0 = Release|Any CPU
		{037586D7-7E70-4679-9756-A247609D6C21}.Debug|Any CPU.ActiveCfg = Debug|Any CPU
		{037586D7-7E70-4679-9756-A247609D6C21}.Debug|Any CPU.Build.0 = Debug|Any CPU
		{037586D7-7E70-4679-9756-A247609D6C21}.Release|Any CPU.ActiveCfg = Release|Any CPU
		{037586D7-7E70-4679-9756-A247609D6C21}.Release|Any CPU.Build.0 = Release|Any CPU
		{731164E7-118A-45A7-9E11-EF3A7F4B99E0}.Debug|Any CPU.ActiveCfg = Debug|Any CPU
		{731164E7-118A-45A7-9E11-EF3A7F4B99E0}.Debug|Any CPU.Build.0 = Debug|Any CPU
		{731164E7-118A-45A7-9E11-EF3A7F4B99E0}.Release|Any CPU.ActiveCfg = Release|Any CPU
		{731164E7-118A-45A7-9E11-EF3A7F4B99E0}.Release|Any CPU.Build.0 = Release|Any CPU
	EndGlobalSection
	GlobalSection(SolutionProperties) = preSolution
		HideSolutionNode = FALSE
	EndGlobalSection
	GlobalSection(NestedProjects) = preSolution
		{9695CDE9-AC2D-4946-8F73-C01102E49981} = {1D71E4E0-3375-4B69-BABB-09318BCF3561}
		{037586D7-7E70-4679-9756-A247609D6C21} = {A71C1CE8-4CEB-42D4-BDBB-A8FA513C222A}
		{731164E7-118A-45A7-9E11-EF3A7F4B99E0} = {1D71E4E0-3375-4B69-BABB-09318BCF3561}
	EndGlobalSection
	GlobalSection(ExtensibilityGlobals) = postSolution
		SolutionGuid = {2CC429B1-8E96-4473-9F49-976F03BB231A}
	EndGlobalSection
EndGlobal
